
Microsoft Visual Studio Solution File, Format Version 12.00
# Visual Studio Version 17
VisualStudioVersion = 17.5.33530.505
MinimumVisualStudioVersion = 10.0.40219.1
Project("{FAE04EC0-301F-11D3-BF4B-00C04F79EFBC}") = "ACEbets", "ACEbets.csproj", "{DF94838E-652E-480B-8B81-722AF3A1B367}"
EndProject
Global
	GlobalSection(SolutionConfigurationPlatforms) = preSolution
		Debug|Any CPU = Debug|Any CPU
		Release|Any CPU = Release|Any CPU
	EndGlobalSection
	GlobalSection(ProjectConfigurationPlatforms) = postSolution
		{DF94838E-652E-480B-8B81-722AF3A1B367}.Debug|Any CPU.ActiveCfg = Debug|Any CPU
		{DF94838E-652E-480B-8B81-722AF3A1B367}.Debug|Any CPU.Build.0 = Debug|Any CPU
		{DF94838E-652E-480B-8B81-722AF3A1B367}.Release|Any CPU.ActiveCfg = Release|Any CPU
		{DF94838E-652E-480B-8B81-722AF3A1B367}.Release|Any CPU.Build.0 = Release|Any CPU
	EndGlobalSection
	GlobalSection(SolutionProperties) = preSolution
		HideSolutionNode = FALSE
	EndGlobalSection
	GlobalSection(ExtensibilityGlobals) = postSolution
		SolutionGuid = {37194BA6-53DF-461F-9C40-3CFAE4B3705D}
	EndGlobalSection
EndGlobal
